github.com/go-compressions/adc v0.1.0 h1:+4W5XL0JbDAuuD3YcbAnMRtyQM35kK9pGAAzELe+tm4=
github.com/go-compressions/adc v0.1.0/go.mod h1:kPyMMlq7usBJh/vfGw8Z0cR852+dqZYYvBM6lpX4og0=
github.com/go-compressions/lzfse v0.4.1 h1:Bbh4ypKEKF1whNEUvHlelYs7q4nAhTUQwE48CZoXnF0=
github.com/go-compressions/lzfse v0.4.1/go.mod h1:gC6f2ks/Hqf/1NUL2n1UCNr05HY0quziSzbKO/+yLow=
github.com/go-diskimages/dmg v0.5.0 h1:yRS7D0H6zqRWDQQYFTvNN26Oxt+GZqZo8xDikYTBmmI=
github.com/go-diskimages/dmg v0.5.0/go.mod h1:fnEmvUsMazEvxuHqF9hzLtTrvJ6BIQLgNrhNL1GRFNw=
github.com/go-filesystems/hfsplus v0.4.0 h1:kjHa+vyNxwC57O+ht1SdR9W6TjzJlEhb3HGNb8els6U=
github.com/go-filesystems/hfsplus v0.4.0/go.mod h1:L1VH0uLx4WWbeyoSHXGUS8/gqi5FqI8s2u8UIK0FoV8=
github.com/go-filesystems/interface v0.3.0 h1:cV4+2mvW1eCPyde+KIDRaGuIPAcr2sDgKrxGuGQr98k=
github.com/go-filesystems/interface v0.3.0/go.mod h1:9MDfHNNKg9cW1qBa3hmURQj4jiWIdTo9Xpgdt8ZzvV8=
github.com/go-macos/dsstore v0.2.0 h1:BqDNnwKTb7S2wz9104Hqjyjv5+X7DKlJBAdU8+K1vDQ=
github.com/go-macos/dsstore v0.2.0/go.mod h1:D0kq+s4cx/DSP9Pqo9l0kmFUlaTwjj6tjGWwcuGaT7s=
github.com/go-volumes/safeio v0.0.0-20260831125406-d8f54b2890d4 h1:RKO58FmZvbvKh6wf+7Y8gohGJ0/2hq4N8L+x2kT9bak=
github.com/go-volumes/safeio v0.0.0-20260831125406-d8f54b2890d4/go.mod h1:QQdGwEUmPSdzD+OPq+ZcKso9ljssqgBXNk0/9z7moho=
github.com/jessevdk/go-flags v1.4.0/go.mod h1:4FA24M0QyGHXBuZZK/XkWh8h0e1EYbRYJSGM75WSRxI=
gopkg.in/check.v1 v0.0.0-20161208181325-20d25e280405/go.mod h1:Co6ibVJAznAaIkqp8huTwlJQCZ016jof/cbN4VW5Yz0=
gopkg.in/yaml.v1 v1.0.0-20140924161607-9f9df34309c0/go.mod h1:WDnlLJ4WF5VGsH/HVa3CI79GS0ol3YnhVnKP89i0kNg=
howett.net/plist v1.0.1 h1:37GdZ8tP09Q35o9ych3ehygcsL+HqKSwzctveSlarvM=
howett.net/plist v1.0.1/go.mod h1:lqaXoTrLY4hg8tnEzNru53gicrbv7rrk+2xJA/7hw9g=
